
Microsoft Visual Studio Solution File, Format Version 12.00
# Visual Studio Version 16
VisualStudioVersion = 16.0.29806.167
MinimumVisualStudioVersion = 10.0.40219.1
Project("{2150E333-8FDC-42A3-9474-1A3956D46DE8}") = "Solution Items", "Solution Items", "{52861BD1-852A-45A9-9B32-2F042501228A}"
	ProjectSection(SolutionItems) = preProject
		.gitattributes = .gitattributes
		.gitignore = .gitignore
		global.json = global.json
		LICENSE = LICENSE
		README.md = README.md
	EndProjectSection
EndProject
Project("{9A19103F-16F7-4668-BE54-9A1E7A4F7556}") = "CompressedStaticFiles.Tests", "CompressedStaticFiles.Tests\CompressedStaticFiles.Tests.csproj", "{3D5A45B2-A15B-49B2-BB4F-47FDC1B5A5ED}"
EndProject
Project("{9A19103F-16F7-4668-BE54-9A1E7A4F7556}") = "CompressedStaticFiles", "CompressedStaticFiles\CompressedStaticFiles.csproj", "{0839E928-AD6E-493A-A7C0-311B8C8905E4}"
EndProject
Project("{9A19103F-16F7-4668-BE54-9A1E7A4F7556}") = "Example", "Example\Example.csproj", "{560BE25F-638D-4B3C-BE63-D427D6C516C5}"
EndProject
Project("{2150E333-8FDC-42A3-9474-1A3956D46DE8}") = ".github", ".github", "{ADB0F1E4-D83F-4E58-80DD-57AD26C22DD5}"
EndProject
Project("{2150E333-8FDC-42A3-9474-1A3956D46DE8}") = "workflows", "workflows", "{207C684E-30A0-4D6E-821E-310BE08EBF28}"
	ProjectSection(SolutionItems) = preProject
		.github\workflows\test.yml = .github\workflows\test.yml
	EndProjectSection
EndProject
Global
	GlobalSection(SolutionConfigurationPlatforms) = preSolution
		Debug|Any CPU = Debug|Any CPU
		Release|Any CPU = Release|Any CPU
	EndGlobalSection
	GlobalSection(ProjectConfigurationPlatforms) = postSolution
		{3D5A45B2-A15B-49B2-BB4F-47FDC1B5A5ED}.Debug|Any CPU.ActiveCfg = Debug|Any CPU
		{3D5A45B2-A15B-49B2-BB4F-47FDC1B5A5ED}.Debug|Any CPU.Build.0 = Debug|Any CPU
		{3D5A45B2-A15B-49B2-BB4F-47FDC1B5A5ED}.Release|Any CPU.ActiveCfg = Release|Any CPU
		{3D5A45B2-A15B-49B2-BB4F-47FDC1B5A5ED}.Release|Any CPU.Build.0 = Release|Any CPU
		{0839E928-AD6E-493A-A7C0-311B8C8905E4}.Debug|Any CPU.ActiveCfg = Debug|Any CPU
		{0839E928-AD6E-493A-A7C0-311B8C8905E4}.Debug|Any CPU.Build.0 = Debug|Any CPU
		{0839E928-AD6E-493A-A7C0-311B8C8905E4}.Release|Any CPU.ActiveCfg = Release|Any CPU
		{0839E928-AD6E-493A-A7C0-311B8C8905E4}.Release|Any CPU.Build.0 = Release|Any CPU
		{560BE25F-638D-4B3C-BE63-D427D6C516C5}.Debug|Any CPU.ActiveCfg = Debug|Any CPU
		{560BE25F-638D-4B3C-BE63-D427D6C516C5}.Debug|Any CPU.Build.0 = Debug|Any CPU
		{560BE25F-638D-4B3C-BE63-D427D6C516C5}.Release|Any CPU.ActiveCfg = Release|Any CPU
		{560BE25F-638D-4B3C-BE63-D427D6C516C5}.Release|Any CPU.Build.0 = Release|Any CPU
	EndGlobalSection
	GlobalSection(SolutionProperties) = preSolution
		HideSolutionNode = FALSE
	EndGlobalSection
	GlobalSection(NestedProjects) = preSolution
		{ADB0F1E4-D83F-4E58-80DD-57AD26C22DD5} = {52861BD1-852A-45A9-9B32-2F042501228A}
		{207C684E-30A0-4D6E-821E-310BE08EBF28} = {ADB0F1E4-D83F-4E58-80DD-57AD26C22DD5}
	EndGlobalSection
	GlobalSection(ExtensibilityGlobals) = postSolution
		SolutionGuid = {D8781CF2-14D0-4C67-A2D7-C8AD7BBCF2CE}
	EndGlobalSection
EndGlobal
